// !$*UTF8*$!
{
	archiveVersion = 1;
	classes = {
	};
	objectVersion = 46;
	objects = {

/* Begin PBXBuildFile section */
		AE0437B01EE66EB200AB1D99 /* high.mp3 in Resources */ = {isa = PBXBuildFile; fileRef = AE0437AF1EE66EB200AB1D99 /* high.mp3 */; };
		AE0437B21EE66EBA00AB1D99 /* pong.mp3 in Resources */ = {isa = PBXBuildFile; fileRef = AE0437B11EE66EBA00AB1D99 /* pong.mp3 */; };
		AE599D4F1EE688080008E615 /* BGM.mp3 in Resources */ = {isa = PBXBuildFile; fileRef = AE599D4E1EE688080008E615 /* BGM.mp3 */; };
		AE6320EE1EE7FBFE000B3416 /* touchanime.atlas in Resources */ = {isa = PBXBuildFile; fileRef = AE6320ED1EE7FBFE000B3416 /* touchanime.atlas */; };
		AE8FC9BF1EE1212400AD4980 /* main.m in Sources */ = {isa = PBXBuildFile; fileRef = AE8FC9BE1EE1212400AD4980 /* main.m */; };
		AE8FC9C21EE1212400AD4980 /* AppDelegate.m in Sources */ = {isa = PBXBuildFile; fileRef = AE8FC9C11EE1212400AD4980 /* AppDelegate.m */; };
		AE8FC9C41EE1212400AD4980 /* GameScene.sks in Resources */ = {isa = PBXBuildFile; fileRef = AE8FC9C31EE1212400AD4980 /* GameScene.sks */; };
		AE8FC9C61EE1212400AD4980 /* Actions.sks in Resources */ = {isa = PBXBuildFile; fileRef = AE8FC9C51EE1212400AD4980 /* Actions.sks */; };
		AE8FC9C91EE1212400AD4980 /* GameScene.m in Sources */ = {isa = PBXBuildFile; fileRef = AE8FC9C81EE1212400AD4980 /* GameScene.m */; };
		AE8FC9CC1EE1212400AD4980 /* GameViewController.m in Sources */ = {isa = PBXBuildFile; fileRef = AE8FC9CB1EE1212400AD4980 /* GameViewController.m */; };
		AE8FC9CF1EE1212400AD4980 /* Main.storyboard in Resources */ = {isa = PBXBuildFile; fileRef = AE8FC9CD1EE1212400AD4980 /* Main.storyboard */; };
		AE8FC9D11EE1212400AD4980 /* Assets.xcassets in Resources */ = {isa = PBXBuildFile; fileRef = AE8FC9D01EE1212400AD4980 /* Assets.xcassets */; };
		AE8FC9D41EE1212400AD4980 /* LaunchScreen.storyboard in Resources */ = {isa = PBXBuildFile; fileRef = AE8FC9D21EE1212400AD4980 /* LaunchScreen.storyboard */; };
		AE8FC9DF1EE1212400AD4980 /* MiniSeigeTests.m in Sources */ = {isa = PBXBuildFile; fileRef = AE8FC9DE1EE1212400AD4980 /* MiniSeigeTests.m */; };
		AE8FC9EA1EE1212400AD4980 /* MiniSeigeUITests.m in Sources */ = {isa = PBXBuildFile; fileRef = AE8FC9E91EE1212400AD4980 /* MiniSeigeUITests.m */; };
		AE8FC9F91EE121F800AD4980 /* Gaming.m in Sources */ = {isa = PBXBuildFile; fileRef = AE8FC9F81EE121F800AD4980 /* Gaming.m */; };
		AE8FC9FC1EE1411700AD4980 /* Gamemenu.m in Sources */ = {isa = PBXBuildFile; fileRef = AE8FC9FB1EE1411700AD4980 /* Gamemenu.m */; };
		AE8FC9FF1EE1675200AD4980 /* Gameover.m in Sources */ = {isa = PBXBuildFile; fileRef = AE8FC9FE1EE1675200AD4980 /* Gameover.m */; };
/* End PBXBuildFile section */

/* Begin PBXContainerItemProxy section */
		AE8FC9DB1EE1212400AD4980 /* PBXContainerItemProxy */ = {
			isa = PBXContainerItemProxy;
			containerPortal = AE8FC9B21EE1212400AD4980 /* Project object */;
			proxyType = 1;
			remoteGlobalIDString = AE8FC9B91EE1212400AD4980;
			remoteInfo = MiniSeige;
		};
		AE8FC9E61EE1212400AD4980 /* PBXContainerItemProxy */ = {
			isa = PBXContainerItemProxy;
			containerPortal = AE8FC9B21EE1212400AD4980 /* Project object */;
			proxyType = 1;
			remoteGlobalIDString = AE8FC9B91EE1212400AD4980;
			remoteInfo = MiniSeige;
		};
/* End PBXContainerItemProxy section */

/* Begin PBXFileReference section */
		AE0437AF1EE66EB200AB1D99 /* high.mp3 */ = {isa = PBXFileReference; lastKnownFileType = audio.mp3; path = high.mp3; sourceTree = "<group>"; };
		AE0437B11EE66EBA00AB1D99 /* pong.mp3 */ = {isa = PBXFileReference; lastKnownFileType = audio.mp3; path = pong.mp3; sourceTree = "<group>"; };
		AE599D4E1EE688080008E615 /* BGM.mp3 */ = {isa = PBXFileReference; lastKnownFileType = audio.mp3; path = BGM.mp3; sourceTree = "<group>"; };
		AE6320ED1EE7FBFE000B3416 /* touchanime.atlas */ = {isa = PBXFileReference; lastKnownFileType = folder.skatlas; path = touchanime.atlas; sourceTree = "<group>"; };
		AE8FC9BA1EE1212400AD4980 /* MiniSeige.app */ = {isa = PBXFileReference; explicitFileType = wrapper.application; includeInIndex = 0; path = MiniSeige.app; sourceTree = BUILT_PRODUCTS_DIR; };
		AE8FC9BE1EE1212400AD4980 /* main.m */ = {isa = PBXFileReference; lastKnownFileType = sourcecode.c.objc; path = main.m; sourceTree = "<group>"; };
		AE8FC9C01EE1212400AD4980 /* AppDelegate.h */ = {isa = PBXFileReference; lastKnownFileType = sourcecode.c.h; path = AppDelegate.h; sourceTree = "<group>"; };
		AE8FC9C11EE1212400AD4980 /* AppDelegate.m */ = {isa = PBXFileReference; lastKnownFileType = sourcecode.c.objc; path = AppDelegate.m; sourceTree = "<group>"; };
		AE8FC9C31EE1212400AD4980 /* GameScene.sks */ = {isa = PBXFileReference; lastKnownFileType = file.sks; path = GameScene.sks; sourceTree = "<group>"; };
		AE8FC9C51EE1212400AD4980 /* Actions.sks */ = {isa = PBXFileReference; lastKnownFileType = file.sks; path = Actions.sks; sourceTree = "<group>"; };
		AE8FC9C71EE1212400AD4980 /* GameScene.h */ = {isa = PBXFileReference; lastKnownFileType = sourcecode.c.h; path = GameScene.h; sourceTree = "<group>"; };
		AE8FC9C81EE1212400AD4980 /* GameScene.m */ = {isa = PBXFileReference; lastKnownFileType = sourcecode.c.objc; path = GameScene.m; sourceTree = "<group>"; };
		AE8FC9CA1EE1212400AD4980 /* GameViewController.h */ = {isa = PBXFileReference; lastKnownFileType = sourcecode.c.h; path = GameViewController.h; sourceTree = "<group>"; };
		AE8FC9CB1EE1212400AD4980 /* GameViewController.m */ = {isa = PBXFileReference; lastKnownFileType = sourcecode.c.objc; path = GameViewController.m; sourceTree = "<group>"; };
		AE8FC9CE1EE1212400AD4980 /* Base */ = {isa = PBXFileReference; lastKnownFileType = file.storyboard; name = Base; path = Base.lproj/Main.storyboard; sourceTree = "<group>"; };
		AE8FC9D01EE1212400AD4980 /* Assets.xcassets */ = {isa = PBXFileReference; lastKnownFileType = folder.assetcatalog; path = Assets.xcassets; sourceTree = "<group>"; };
		AE8FC9D31EE1212400AD4980 /* Base */ = {isa = PBXFileReference; lastKnownFileType = file.storyboard; name = Base; path = Base.lproj/LaunchScreen.storyboard; sourceTree = "<group>"; };
		AE8FC9D51EE1212400AD4980 /* Info.plist */ = {isa = PBXFileReference; lastKnownFileType = text.plist.xml; path = Info.plist; sourceTree = "<group>"; };
		AE8FC9DA1EE1212400AD4980 /* MiniSeigeTests.xctest */ = {isa = PBXFileReference; explicitFileType = wrapper.cfbundle; includeInIndex = 0; path = MiniSeigeTests.xctest; sourceTree = BUILT_PRODUCTS_DIR; };
		AE8FC9DE1EE1212400AD4980 /* MiniSeigeTests.m */ = {isa = PBXFileReference; lastKnownFileType = sourcecode.c.objc; path = MiniSeigeTests.m; sourceTree = "<group>"; };
		AE8FC9E01EE1212400AD4980 /* Info.plist */ = {isa = PBXFileReference; lastKnownFileType = text.plist.xml; path = Info.plist; sourceTree = "<group>"; };
		AE8FC9E51EE1212400AD4980 /* MiniSeigeUITests.xctest */ = {isa = PBXFileReference; explicitFileType = wrapper.cfbundle; includeInIndex = 0; path = MiniSeigeUITests.xctest; sourceTree = BUILT_PRODUCTS_DIR; };
		AE8FC9E91EE1212400AD4980 /* MiniSeigeUITests.m */ = {isa = PBXFileReference; lastKnownFileType = sourcecode.c.objc; path = MiniSeigeUITests.m; sourceTree = "<group>"; };
		AE8FC9EB1EE1212400AD4980 /* Info.plist */ = {isa = PBXFileReference; lastKnownFileType = text.plist.xml; path = Info.plist; sourceTree = "<group>"; };
		AE8FC9F71EE121F800AD4980 /* Gaming.h */ = {isa = PBXFileReference; fileEncoding = 4; lastKnownFileType = sourcecode.c.h; path = Gaming.h; sourceTree = "<group>"; };
		AE8FC9F81EE121F800AD4980 /* Gaming.m */ = {isa = PBXFileReference; fileEncoding = 4; lastKnownFileType = sourcecode.c.objc; path = Gaming.m; sourceTree = "<group>"; };
		AE8FC9FA1EE1411700AD4980 /* Gamemenu.h */ = {isa = PBXFileReference; fileEncoding = 4; lastKnownFileType = sourcecode.c.h; path = Gamemenu.h; sourceTree = "<group>"; };
		AE8FC9FB1EE1411700AD4980 /* Gamemenu.m */ = {isa = PBXFileReference; fileEncoding = 4; lastKnownFileType = sourcecode.c.objc; path = Gamemenu.m; sourceTree = "<group>"; };
		AE8FC9FD1EE1675200AD4980 /* Gameover.h */ = {isa = PBXFileReference; fileEncoding = 4; lastKnownFileType = sourcecode.c.h; path = Gameover.h; sourceTree = "<group>"; };
		AE8FC9FE1EE1675200AD4980 /* Gameover.m */ = {isa = PBXFileReference; fileEncoding = 4; lastKnownFileType = sourcecode.c.objc; path = Gameover.m; sourceTree = "<group>"; };
/* End PBXFileReference section */

/* Begin PBXFrameworksBuildPhase section */
		AE8FC9B71EE1212400AD4980 /* Frameworks */ = {
			isa = PBXFrameworksBuildPhase;
			buildActionMask = 2147483647;
			files = (
			);
			runOnlyForDeploymentPostprocessing = 0;
		};
		AE8FC9D71EE1212400AD4980 /* Frameworks */ = {
			isa = PBXFrameworksBuildPhase;
			buildActionMask = 2147483647;
			files = (
			);
			runOnlyForDeploymentPostprocessing = 0;
		};
		AE8FC9E21EE1212400AD4980 /* Frameworks */ = {
			isa = PBXFrameworksBuildPhase;
			buildActionMask = 2147483647;
			files = (
			);
			runOnlyForDeploymentPostprocessing = 0;
		};
/* End PBXFrameworksBuildPhase section */

/* Begin PBXGroup section */
		AE8FC9B11EE1212400AD4980 = {
			isa = PBXGroup;
			children = (
				AE8FC9BC1EE1212400AD4980 /* MiniSeige */,
				AE8FC9DD1EE1212400AD4980 /* MiniSeigeTests */,
				AE8FC9E81EE1212400AD4980 /* MiniSeigeUITests */,
				AE8FC9BB1EE1212400AD4980 /* Products */,
			);
			sourceTree = "<group>";
		};
		AE8FC9BB1EE1212400AD4980 /* Products */ = {
			isa = PBXGroup;
			children = (
				AE8FC9BA1EE1212400AD4980 /* MiniSeige.app */,
				AE8FC9DA1EE1212400AD4980 /* MiniSeigeTests.xctest */,
				AE8FC9E51EE1212400AD4980 /* MiniSeigeUITests.xctest */,
			);
			name = Products;
			sourceTree = "<group>";
		};
		AE8FC9BC1EE1212400AD4980 /* MiniSeige */ = {
			isa = PBXGroup;
			children = (
				AE8FC9C01EE1212400AD4980 /* AppDelegate.h */,
				AE8FC9C11EE1212400AD4980 /* AppDelegate.m */,
				AE8FC9C31EE1212400AD4980 /* GameScene.sks */,
				AE8FC9C51EE1212400AD4980 /* Actions.sks */,
				AE8FC9FD1EE1675200AD4980 /* Gameover.h */,
				AE8FC9FE1EE1675200AD4980 /* Gameover.m */,
				AE8FC9C71EE1212400AD4980 /* GameScene.h */,
				AE8FC9C81EE1212400AD4980 /* GameScene.m */,
				AE8FC9FA1EE1411700AD4980 /* Gamemenu.h */,
				AE8FC9FB1EE1411700AD4980 /* Gamemenu.m */,
				AE8FC9F71EE121F800AD4980 /* Gaming.h */,
				AE8FC9F81EE121F800AD4980 /* Gaming.m */,
				AE8FC9CA1EE1212400AD4980 /* GameViewController.h */,
				AE8FC9CB1EE1212400AD4980 /* GameViewController.m */,
				AE8FC9CD1EE1212400AD4980 /* Main.storyboard */,
				AE8FC9D01EE1212400AD4980 /* Assets.xcassets */,
				AE6320ED1EE7FBFE000B3416 /* touchanime.atlas */,
				AE599D4E1EE688080008E615 /* BGM.mp3 */,
				AE0437B11EE66EBA00AB1D99 /* pong.mp3 */,
				AE0437AF1EE66EB200AB1D99 /* high.mp3 */,
				AE8FC9D21EE1212400AD4980 /* LaunchScreen.storyboard */,
				AE8FC9D51EE1212400AD4980 /* Info.plist */,
				AE8FC9BD1EE1212400AD4980 /* Supporting Files */,
			);
			path = MiniSeige;
			sourceTree = "<group>";
		};
		AE8FC9BD1EE1212400AD4980 /* Supporting Files */ = {
			isa = PBXGroup;
			children = (
				AE8FC9BE1EE1212400AD4980 /* main.m */,
			);
			name = "Supporting Files";
			sourceTree = "<group>";
		};
		AE8FC9DD1EE1212400AD4980 /* MiniSeigeTests */ = {
			isa = PBXGroup;
			children = (
				AE8FC9DE1EE1212400AD4980 /* MiniSeigeTests.m */,
				AE8FC9E01EE1212400AD4980 /* Info.plist */,
			);
			path = MiniSeigeTests;
			sourceTree = "<group>";
		};
		AE8FC9E81EE1212400AD4980 /* MiniSeigeUITests */ = {
			isa = PBXGroup;
			children = (
				AE8FC9E91EE1212400AD4980 /* MiniSeigeUITests.m */,
				AE8FC9EB1EE1212400AD4980 /* Info.plist */,
			);
			path = MiniSeigeUITests;
			sourceTree = "<group>";
		};
/* End PBXGroup section */

/* Begin PBXNativeTarget section */
		AE8FC9B91EE1212400AD4980 /* MiniSeige */ = {
			isa = PBXNativeTarget;
			buildConfigurationList = AE8FC9EE1EE1212400AD4980 /* Build configuration list for PBXNativeTarget "MiniSeige" */;
			buildPhases = (
				AE8FC9B61EE1212400AD4980 /* Sources */,
				AE8FC9B71EE1212400AD4980 /* Frameworks */,
				AE8FC9B81EE1212400AD4980 /* Resources */,
			);
			buildRules = (
			);
			dependencies = (
			);
			name = MiniSeige;
			productName = MiniSeige;
			productReference = AE8FC9BA1EE1212400AD4980 /* MiniSeige.app */;
			productType = "com.apple.product-type.application";
		};
		AE8FC9D91EE1212400AD4980 /* MiniSeigeTests */ = {
			isa = PBXNativeTarget;
			buildConfigurationList = AE8FC9F11EE1212400AD4980 /* Build configuration list for PBXNativeTarget "MiniSeigeTests" */;
			buildPhases = (
				AE8FC9D61EE1212400AD4980 /* Sources */,
				AE8FC9D71EE1212400AD4980 /* Frameworks */,
				AE8FC9D81EE1212400AD4980 /* Resources */,
			);
			buildRules = (
			);
			dependencies = (
				AE8FC9DC1EE1212400AD4980 /* PBXTargetDependency */,
			);
			name = MiniSeigeTests;
			productName = MiniSeigeTests;
			productReference = AE8FC9DA1EE1212400AD4980 /* MiniSeigeTests.xctest */;
			productType = "com.apple.product-type.bundle.unit-test";
		};
		AE8FC9E41EE1212400AD4980 /* MiniSeigeUITests */ = {
			isa = PBXNativeTarget;
			buildConfigurationList = AE8FC9F41EE1212400AD4980 /* Build configuration list for PBXNativeTarget "MiniSeigeUITests" */;
			buildPhases = (
				AE8FC9E11EE1212400AD4980 /* Sources */,
				AE8FC9E21EE1212400AD4980 /* Frameworks */,
				AE8FC9E31EE1212400AD4980 /* Resources */,
			);
			buildRules = (
			);
			dependencies = (
				AE8FC9E71EE1212400AD4980 /* PBXTargetDependency */,
			);
			name = MiniSeigeUITests;
			productName = MiniSeigeUITests;
			productReference = AE8FC9E51EE1212400AD4980 /* MiniSeigeUITests.xctest */;
			productType = "com.apple.product-type.bundle.ui-testing";
		};
/* End PBXNativeTarget section */

/* Begin PBXProject section */
		AE8FC9B21EE1212400AD4980 /* Project object */ = {
			isa = PBXProject;
			attributes = {
				LastUpgradeCheck = 0830;
				ORGANIZATIONNAME = JingyiWu;
				TargetAttributes = {
					AE8FC9B91EE1212400AD4980 = {
						CreatedOnToolsVersion = 8.3.2;
						DevelopmentTeam = 2FMTX6988R;
						ProvisioningStyle = Automatic;
					};
					AE8FC9D91EE1212400AD4980 = {
						CreatedOnToolsVersion = 8.3.2;
						DevelopmentTeam = 2FMTX6988R;
						ProvisioningStyle = Automatic;
						TestTargetID = AE8FC9B91EE1212400AD4980;
					};
					AE8FC9E41EE1212400AD4980 = {
						CreatedOnToolsVersion = 8.3.2;
						DevelopmentTeam = 2FMTX6988R;
						ProvisioningStyle = Automatic;
						TestTargetID = AE8FC9B91EE1212400AD4980;
					};
				};
			};
			buildConfigurationList = AE8FC9B51EE1212400AD4980 /* Build configuration list for PBXProject "MiniSeige" */;
			compatibilityVersion = "Xcode 3.2";
			developmentRegion = English;
			hasScannedForEncodings = 0;
			knownRegions = (
				en,
				Base,
			);
			mainGroup = AE8FC9B11EE1212400AD4980;
			productRefGroup = AE8FC9BB1EE1212400AD4980 /* Products */;
			projectDirPath = "";
			projectRoot = "";
			targets = (
				AE8FC9B91EE1212400AD4980 /* MiniSeige */,
				AE8FC9D91EE1212400AD4980 /* MiniSeigeTests */,
				AE8FC9E41EE1212400AD4980 /* MiniSeigeUITests */,
			);
		};
/* End PBXProject section */

/* Begin PBXResourcesBuildPhase section */
		AE8FC9B81EE1212400AD4980 /* Resources */ = {
			isa = PBXResourcesBuildPhase;
			buildActionMask = 2147483647;
			files = (
				AE8FC9CF1EE1212400AD4980 /* Main.storyboard in Resources */,
				AE0437B21EE66EBA00AB1D99 /* pong.mp3 in Resources */,
				AE8FC9C41EE1212400AD4980 /* GameScene.sks in Resources */,
				AE6320EE1EE7FBFE000B3416 /* touchanime.atlas in Resources */,
				AE8FC9D11EE1212400AD4980 /* Assets.xcassets in Resources */,
				AE0437B01EE66EB200AB1D99 /* high.mp3 in Resources */,
				AE8FC9D41EE1212400AD4980 /* LaunchScreen.storyboard in Resources */,
				AE8FC9C61EE1212400AD4980 /* Actions.sks in Resources */,
				AE599D4F1EE688080008E615 /* BGM.mp3 in Resources */,
			);
			runOnlyForDeploymentPostprocessing = 0;
		};
		AE8FC9D81EE1212400AD4980 /* Resources */ = {
			isa = PBXResourcesBuildPhase;
			buildActionMask = 2147483647;
			files = (
			);
			runOnlyForDeploymentPostprocessing = 0;
		};
		AE8FC9E31EE1212400AD4980 /* Resources */ = {
			isa = PBXResourcesBuildPhase;
			buildActionMask = 2147483647;
			files = (
			);
			runOnlyForDeploymentPostprocessing = 0;
		};
/* End PBXResourcesBuildPhase section */

/* Begin PBXSourcesBuildPhase section */
		AE8FC9B61EE1212400AD4980 /* Sources */ = {
			isa = PBXSourcesBuildPhase;
			buildActionMask = 2147483647;
			files = (
				AE8FC9F91EE121F800AD4980 /* Gaming.m in Sources */,
				AE8FC9CC1EE1212400AD4980 /* GameViewController.m in Sources */,
				AE8FC9FC1EE1411700AD4980 /* Gamemenu.m in Sources */,
				AE8FC9C21EE1212400AD4980 /* AppDelegate.m in Sources */,
				AE8FC9FF1EE1675200AD4980 /* Gameover.m in Sources */,
				AE8FC9C91EE1212400AD4980 /* GameScene.m in Sources */,
				AE8FC9BF1EE1212400AD4980 /* main.m in Sources */,
			);
			runOnlyForDeploymentPostprocessing = 0;
		};
		AE8FC9D61EE1212400AD4980 /* Sources */ = {
			isa = PBXSourcesBuildPhase;
			buildActionMask = 2147483647;
			files = (
				AE8FC9DF1EE1212400AD4980 /* MiniSeigeTests.m in Sources */,
			);
			runOnlyForDeploymentPostprocessing = 0;
		};
		AE8FC9E11EE1212400AD4980 /* Sources */ = {
			isa = PBXSourcesBuildPhase;
			buildActionMask = 2147483647;
			files = (
				AE8FC9EA1EE1212400AD4980 /* MiniSeigeUITests.m in Sources */,
			);
			runOnlyForDeploymentPostprocessing = 0;
		};
/* End PBXSourcesBuildPhase section */

/* Begin PBXTargetDependency section */
		AE8FC9DC1EE1212400AD4980 /* PBXTargetDependency */ = {
			isa = PBXTargetDependency;
			target = AE8FC9B91EE1212400AD4980 /* MiniSeige */;
			targetProxy = AE8FC9DB1EE1212400AD4980 /* PBXContainerItemProxy */;
		};
		AE8FC9E71EE1212400AD4980 /* PBXTargetDependency */ = {
			isa = PBXTargetDependency;
			target = AE8FC9B91EE1212400AD4980 /* MiniSeige */;
			targetProxy = AE8FC9E61EE1212400AD4980 /* PBXContainerItemProxy */;
		};
/* End PBXTargetDependency section */

/* Begin PBXVariantGroup section */
		AE8FC9CD1EE1212400AD4980 /* Main.storyboard */ = {
			isa = PBXVariantGroup;
			children = (
				AE8FC9CE1EE1212400AD4980 /* Base */,
			);
			name = Main.storyboard;
			sourceTree = "<group>";
		};
		AE8FC9D21EE1212400AD4980 /* LaunchScreen.storyboard */ = {
			isa = PBXVariantGroup;
			children = (
				AE8FC9D31EE1212400AD4980 /* Base */,
			);
			name = LaunchScreen.storyboard;
			sourceTree = "<group>";
		};
/* End PBXVariantGroup section */

/* Begin XCBuildConfiguration section */
		AE8FC9EC1EE1212400AD4980 /* Debug */ = {
			isa = XCBuildConfiguration;
			buildSettings = {
				ALWAYS_SEARCH_USER_PATHS = NO;
				CLANG_ANALYZER_NONNULL = YES;
				CLANG_ANALYZER_NUMBER_OBJECT_CONVERSION = YES_AGGRESSIVE;
				CLANG_CXX_LANGUAGE_STANDARD = "gnu++0x";
				CLANG_CXX_LIBRARY = "libc++";
				CLANG_ENABLE_MODULES = YES;
				CLANG_ENABLE_OBJC_ARC = YES;
				CLANG_WARN_BOOL_CONVERSION = YES;
				CLANG_WARN_CONSTANT_CONVERSION = YES;
				CLANG_WARN_DIRECT_OBJC_ISA_USAGE = YES_ERROR;
				CLANG_WARN_DOCUMENTATION_COMMENTS = YES;
				CLANG_WARN_EMPTY_BODY = YES;
				CLANG_WARN_ENUM_CONVERSION = YES;
				CLANG_WARN_INFINITE_RECURSION = YES;
				CLANG_WARN_INT_CONVERSION = YES;
				CLANG_WARN_OBJC_ROOT_CLASS = YES_ERROR;
				CLANG_WARN_SUSPICIOUS_MOVE = YES;
				CLANG_WARN_UNREACHABLE_CODE = YES;
				CLANG_WARN__DUPLICATE_METHOD_MATCH = YES;
				"CODE_SIGN_IDENTITY[sdk=iphoneos*]" = "iPhone Developer";
				COPY_PHASE_STRIP = NO;
				DEBUG_INFORMATION_FORMAT = dwarf;
				ENABLE_STRICT_OBJC_MSGSEND = YES;
				ENABLE_TESTABILITY = YES;
				GCC_C_LANGUAGE_STANDARD = gnu99;
				GCC_DYNAMIC_NO_PIC = NO;
				GCC_NO_COMMON_BLOCKS = YES;
				GCC_OPTIMIZATION_LEVEL = 0;
				GCC_PREPROCESSOR_DEFINITIONS = (
					"DEBUG=1",
					"$(inherited)",
				);
				GCC_WARN_64_TO_32_BIT_CONVERSION = YES;
				GCC_WARN_ABOUT_RETURN_TYPE = YES_ERROR;
				GCC_WARN_UNDECLARED_SELECTOR = YES;
				GCC_WARN_UNINITIALIZED_AUTOS = YES_AGGRESSIVE;
				GCC_WARN_UNUSED_FUNCTION = YES;
				GCC_WARN_UNUSED_VARIABLE = YES;
				IPHONEOS_DEPLOYMENT_TARGET = 10.3;
				MTL_ENABLE_DEBUG_INFO = YES;
				ONLY_ACTIVE_ARCH = YES;
				SDKROOT = iphoneos;
			};
			name = Debug;
		};
		AE8FC9ED1EE1212400AD4980 /* Release */ = {
			isa = XCBuildConfiguration;
			buildSettings = {
				ALWAYS_SEARCH_USER_PATHS = NO;
				CLANG_ANALYZER_NONNULL = YES;
				CLANG_ANALYZER_NUMBER_OBJECT_CONVERSION = YES_AGGRESSIVE;
				CLANG_CXX_LANGUAGE_STANDARD = "gnu++0x";
				CLANG_CXX_LIBRARY = "libc++";
				CLANG_ENABLE_MODULES = YES;
				CLANG_ENABLE_OBJC_ARC = YES;
				CLANG_WARN_BOOL_CONVERSION = YES;
				CLANG_WARN_CONSTANT_CONVERSION = YES;
				CLANG_WARN_DIRECT_OBJC_ISA_USAGE = YES_ERROR;
				CLANG_WARN_DOCUMENTATION_COMMENTS = YES;
				CLANG_WARN_EMPTY_BODY = YES;
				CLANG_WARN_ENUM_CONVERSION = YES;
				CLANG_WARN_INFINITE_RECURSION = YES;
				CLANG_WARN_INT_CONVERSION = YES;
				CLANG_WARN_OBJC_ROOT_CLASS = YES_ERROR;
				CLANG_WARN_SUSPICIOUS_MOVE = YES;
				CLANG_WARN_UNREACHABLE_CODE = YES;
				CLANG_WARN__DUPLICATE_METHOD_MATCH = YES;
				"CODE_SIGN_IDENTITY[sdk=iphoneos*]" = "iPhone Developer";
				COPY_PHASE_STRIP = NO;
				DEBUG_INFORMATION_FORMAT = "dwarf-with-dsym";
				ENABLE_NS_ASSERTIONS = NO;
				ENABLE_STRICT_OBJC_MSGSEND = YES;
				GCC_C_LANGUAGE_STANDARD = gnu99;
				GCC_NO_COMMON_BLOCKS = YES;
				GCC_WARN_64_TO_32_BIT_CONVERSION = YES;
				GCC_WARN_ABOUT_RETURN_TYPE = YES_ERROR;
				GCC_WARN_UNDECLARED_SELECTOR = YES;
				GCC_WARN_UNINITIALIZED_AUTOS = YES_AGGRESSIVE;
				GCC_WARN_UNUSED_FUNCTION = YES;
				GCC_WARN_UNUSED_VARIABLE = YES;
				IPHONEOS_DEPLOYMENT_TARGET = 10.3;
				MTL_ENABLE_DEBUG_INFO = NO;
				SDKROOT = iphoneos;
				VALIDATE_PRODUCT = YES;
			};
			name = Release;
		};
		AE8FC9EF1EE1212400AD4980 /* Debug */ = {
			isa = XCBuildConfiguration;
			buildSettings = {
				ASSETCATALOG_COMPILER_APPICON_NAME = AppIcon;
				DEVELOPMENT_TEAM = 2FMTX6988R;
				INFOPLIST_FILE = MiniSeige/Info.plist;
				IPHONEOS_DEPLOYMENT_TARGET = 10.2;
				LD_RUNPATH_SEARCH_PATHS = "$(inherited) @executable_path/Frameworks";
				PRODUCT_BUNDLE_IDENTIFIER = UTS.MiniSeige;
				PRODUCT_NAME = "$(TARGET_NAME)";
			};
			name = Debug;
		};
		AE8FC9F01EE1212400AD4980 /* Release */ = {
			isa = XCBuildConfiguration;
			buildSettings = {
				ASSETCATALOG_COMPILER_APPICON_NAME = AppIcon;
				DEVELOPMENT_TEAM = 2FMTX6988R;
				INFOPLIST_FILE = MiniSeige/Info.plist;
				IPHONEOS_DEPLOYMENT_TARGET = 10.2;
				LD_RUNPATH_SEARCH_PATHS = "$(inherited) @executable_path/Frameworks";
				PRODUCT_BUNDLE_IDENTIFIER = UTS.MiniSeige;
				PRODUCT_NAME = "$(TARGET_NAME)";
			};
			name = Release;
		};
		AE8FC9F21EE1212400AD4980 /* Debug */ = {
			isa = XCBuildConfiguration;
			buildSettings = {
				BUNDLE_LOADER = "$(TEST_HOST)";
				DEVELOPMENT_TEAM = 2FMTX6988R;
				INFOPLIST_FILE = MiniSeigeTests/Info.plist;
				LD_RUNPATH_SEARCH_PATHS = "$(inherited) @executable_path/Frameworks @loader_path/Frameworks";
				PRODUCT_BUNDLE_IDENTIFIER = UTS.MiniSeigeTests;
				PRODUCT_NAME = "$(TARGET_NAME)";
				TEST_HOST = "$(BUILT_PRODUCTS_DIR)/MiniSeige.app/MiniSeige";
			};
			name = Debug;
		};
		AE8FC9F31EE1212400AD4980 /* Release */ = {
			isa = XCBuildConfiguration;
			buildSettings = {
				BUNDLE_LOADER = "$(TEST_HOST)";
				DEVELOPMENT_TEAM = 2FMTX6988R;
				INFOPLIST_FILE = MiniSeigeTests/Info.plist;
				LD_RUNPATH_SEARCH_PATHS = "$(inherited) @executable_path/Frameworks @loader_path/Frameworks";
				PRODUCT_BUNDLE_IDENTIFIER = UTS.MiniSeigeTests;
				PRODUCT_NAME = "$(TARGET_NAME)";
				TEST_HOST = "$(BUILT_PRODUCTS_DIR)/MiniSeige.app/MiniSeige";
			};
			name = Release;
		};
		AE8FC9F51EE1212400AD4980 /* Debug */ = {
			isa = XCBuildConfiguration;
			buildSettings = {
				DEVELOPMENT_TEAM = 2FMTX6988R;
				INFOPLIST_FILE = MiniSeigeUITests/Info.plist;
				LD_RUNPATH_SEARCH_PATHS = "$(inherited) @executable_path/Frameworks @loader_path/Frameworks";
				PRODUCT_BUNDLE_IDENTIFIER = UTS.MiniSeigeUITests;
				PRODUCT_NAME = "$(TARGET_NAME)";
				TEST_TARGET_NAME = MiniSeige;
			};
			name = Debug;
		};
		AE8FC9F61EE1212400AD4980 /* Release */ = {
			isa = XCBuildConfiguration;
			buildSettings = {
				DEVELOPMENT_TEAM = 2FMTX6988R;
				INFOPLIST_FILE = MiniSeigeUITests/Info.plist;
				LD_RUNPATH_SEARCH_PATHS = "$(inherited) @executable_path/Frameworks @loader_path/Frameworks";
				PRODUCT_BUNDLE_IDENTIFIER = UTS.MiniSeigeUITests;
				PRODUCT_NAME = "$(TARGET_NAME)";
				TEST_TARGET_NAME = MiniSeige;
			};
			name = Release;
		};
/* End XCBuildConfiguration section */

/* Begin XCConfigurationList section */
		AE8FC9B51EE1212400AD4980 /* Build configuration list for PBXProject "MiniSeige" */ = {
			isa = XCConfigurationList;
			buildConfigurations = (
				AE8FC9EC1EE1212400AD4980 /* Debug */,
				AE8FC9ED1EE1212400AD4980 /* Release */,
			);
			defaultConfigurationIsVisible = 0;
			defaultConfigurationName = Release;
		};
		AE8FC9EE1EE1212400AD4980 /* Build configuration list for PBXNativeTarget "MiniSeige" */ = {
			isa = XCConfigurationList;
			buildConfigurations = (
				AE8FC9EF1EE1212400AD4980 /* Debug */,
				AE8FC9F01EE1212400AD4980 /* Release */,
			);
			defaultConfigurationIsVisible = 0;
			defaultConfigurationName = Release;
		};
		AE8FC9F11EE1212400AD4980 /* Build configuration list for PBXNativeTarget "MiniSeigeTests" */ = {
			isa = XCConfigurationList;
			buildConfigurations = (
				AE8FC9F21EE1212400AD4980 /* Debug */,
				AE8FC9F31EE1212400AD4980 /* Release */,
			);
			defaultConfigurationIsVisible = 0;
			defaultConfigurationName = Release;
		};
		AE8FC9F41EE1212400AD4980 /* Build configuration list for PBXNativeTarget "MiniSeigeUITests" */ = {
			isa = XCConfigurationList;
			buildConfigurations = (
				AE8FC9F51EE1212400AD4980 /* Debug */,
				AE8FC9F61EE1212400AD4980 /* Release */,
			);
			defaultConfigurationIsVisible = 0;
			defaultConfigurationName = Release;
		};
/* End XCConfigurationList section */
	};
	rootObject = AE8FC9B21EE1212400AD4980 /* Project object */;
}
